
Microsoft Visual Studio Solution File, Format Version 12.00
# Visual Studio Version 17
VisualStudioVersion = 17.11.35327.3
MinimumVisualStudioVersion = 10.0.40219.1
Project("{FAE04EC0-301F-11D3-BF4B-00C04F79EFBC}") = "db", "db\db.csproj", "{2A42FE7C-467D-4C26-80AE-70B9006FC935}"
EndProject
Global
	GlobalSection(SolutionConfigurationPlatforms) = preSolution
		Debug|Any CPU = Debug|Any CPU
		Release|Any CPU = Release|Any CPU
	EndGlobalSection
	GlobalSection(ProjectConfigurationPlatforms) = postSolution
		{2A42FE7C-467D-4C26-80AE-70B9006FC935}.Debug|Any CPU.ActiveCfg = Debug|Any CPU
		{2A42FE7C-467D-4C26-80AE-70B9006FC935}.Debug|Any CPU.Build.0 = Debug|Any CPU
		{2A42FE7C-467D-4C26-80AE-70B9006FC935}.Release|Any CPU.ActiveCfg = Release|Any CPU
		{2A42FE7C-467D-4C26-80AE-70B9006FC935}.Release|Any CPU.Build.0 = Release|Any CPU
	EndGlobalSection
	GlobalSection(SolutionProperties) = preSolution
		HideSolutionNode = FALSE
	EndGlobalSection
	GlobalSection(ExtensibilityGlobals) = postSolution
		SolutionGuid = {26A428CE-475D-4CD2-B54E-3A1BA5A2250C}
	EndGlobalSection
EndGlobal
